{
  "object": {
    "pins": [
      {
        "package": "Get",
        "repositoryURL": "https://github.com/kean/Get",
        "state": {
          "branch": null,
          "revision": "068b400e3850f0953ec25d11d3a3893c4538ffd5",
          "version": "0.5.0"
        }
      },
      {
        "package": "jwt-kit",
        "repositoryURL": "https://github.com/vapor/jwt-kit",
        "state": {
          "branch": null,
          "revision": "1822bb0abf0a31a4b5078ec19061c548835253b5",
          "version": "4.3.0"
        }
      },
      {
        "package": "NaiveDate",
        "repositoryURL": "https://github.com/kean/NaiveDate",
        "state": {
          "branch": null,
          "revision": "08fad5d02e9117f6cea96096c5951e445aa710b1",
          "version": "1.0.0"
        }
      },
      {
        "package": "swift-crypto",
        "repositoryURL": "https://github.com/apple/swift-crypto.git",
        "state": {
          "branch": null,
          "revision": "a8911e0fadc25aef1071d582355bd1037a176060",
          "version": "2.0.4"
        }
      },
      {
        "package": "URLQueryEncoder",
        "repositoryURL": "https://github.com/kean/URLQueryEncoder",
        "state": {
          "branch": null,
          "revision": "4cc975d4d075d0e62699a796a08284e217d4ee93",
          "version": "0.2.0"
        }
      }
    ]
  },
  "version": 1
}
